{
  "nodes": {
    "flake-compat": {
      "flake": false,
      "locked": {
        "lastModified": 1767039857,
        "narHash": "sha256-vNpUSpF5Nuw8xvDLj2KCwwksIbjua2LZCqhV1LNRDns=",
        "owner": "edolstra",
        "repo": "flake-compat",
        "rev": "5edf11c44bc78a0d334f6334cdaf7d60d732daab",
        "type": "github"
      },
      "original": {
        "owner": "edolstra",
        "repo": "flake-compat",
        "type": "github"
      }
    },
    "flake-parts": {
      "inputs": {
        "nixpkgs-lib": [
          "icedos-github_icedos_cosmic-default-cosmic-manager",
          "nixpkgs"
        ]
      },
      "locked": {
        "lastModified": 1759362264,
        "narHash": "sha256-wfG0S7pltlYyZTM+qqlhJ7GMw2fTF4mLKCIVhLii/4M=",
        "owner": "hercules-ci",
        "repo": "flake-parts",
        "rev": "758cf7296bee11f1706a574c77d072b8a7baa881",
        "type": "github"
      },
      "original": {
        "owner": "hercules-ci",
        "repo": "flake-parts",
        "type": "github"
      }
    },
    "flake-parts_2": {
      "inputs": {
        "nixpkgs-lib": [
          "nur",
          "nixpkgs"
        ]
      },
      "locked": {
        "lastModified": 1733312601,
        "narHash": "sha256-4pDvzqnegAfRkPwO3wmwBhVi/Sye1mzps0zHWYnP88c=",
        "owner": "hercules-ci",
        "repo": "flake-parts",
        "rev": "205b12d8b7cd4802fbcb8e8ef6a0f1408781a4f9",
        "type": "github"
      },
      "original": {
        "owner": "hercules-ci",
        "repo": "flake-parts",
        "type": "github"
      }
    },
    "home-manager": {
      "inputs": {
        "nixpkgs": [
          "nixpkgs"
        ]
      },
      "locked": {
        "lastModified": 1774210133,
        "narHash": "sha256-yeiWCY9aAUUJ3ebMVjs0UZXRnT5x90MCtpbpOWiXrvM=",
        "owner": "nix-community",
        "repo": "home-manager",
        "rev": "c6fe2944ad9f2444b2d767c4a5edee7c166e8a95",
        "type": "github"
      },
      "original": {
        "owner": "nix-community",
        "repo": "home-manager",
        "type": "github"
      }
    },
    "icedos": {
      "inputs": {
        "nixpkgs": "nixpkgs"
      },
      "locked": {
        "lastModified": 1772821258,
        "narHash": "sha256-FwfQsljyFTo5HQmuMuBbON4EXX3cDmPHMepvcN5xBZY=",
        "owner": "icedos",
        "repo": "core",
        "rev": "e75cd32dd02678e0f2905e46f7ef5c25f5cef14e",
        "type": "github"
      },
      "original": {
        "owner": "icedos",
        "repo": "core",
        "type": "github"
      }
    },
    "icedos-config": {
      "inputs": {
        "icedos": "icedos"
      },
      "locked": {
        "lastModified": 1774264851,
        "narHash": "sha256-5WdY3yN26hDvK8RNx8EDLL4IXFq+AiDhXBQkPF4ZrkA=",
        "path": "/home/stef/code/os",
        "type": "path"
      },
      "original": {
        "path": "/home/stef/code/os",
        "type": "path"
      }
    },
    "icedos-github_icedos_apps": {
      "locked": {
        "lastModified": 1774041099,
        "narHash": "sha256-OAYtEz50BEvZevnkAfZc05uAYa1TGFBRaPeKwUowHLU=",
        "owner": "icedos",
        "repo": "apps",
        "rev": "42df852edfbb5cfb86bccb0cac184207984e3067",
        "type": "github"
      },
      "original": {
        "owner": "icedos",
        "repo": "apps",
        "rev": "42df852edfbb5cfb86bccb0cac184207984e3067",
        "type": "github"
      }
    },
    "icedos-github_icedos_apps-aagl-aagl": {
      "inputs": {
        "flake-compat": "flake-compat",
        "nixpkgs": [
          "nixpkgs"
        ],
        "rust-overlay": "rust-overlay"
      },
      "locked": {
        "lastModified": 1774186997,
        "narHash": "sha256-hyNVlhAqmwcBPl7XRkxbGcMt1BfCOdvuEfBDUf0k8Oo=",
        "owner": "ezKEa",
        "repo": "aagl-gtk-on-nix",
        "rev": "546e95f7ec74892a31f883a10b1723c35f2c2edd",
        "type": "github"
      },
      "original": {
        "owner": "ezKEa",
        "repo": "aagl-gtk-on-nix",
        "type": "github"
      }
    },
    "icedos-github_icedos_apps-celluloid-celluloid-shader": {
      "flake": false,
      "locked": {
        "lastModified": 1,
        "narHash": "sha256-Y/pZSV0PGDjswJKdzpdrOZUORD2ALV7xIh0RahLOSj0=",
        "path": "/nix/store/5zcj323fgw0vxx0nhgvp45yxrwikm0c6-FSR.glsl",
        "type": "path"
      },
      "original": {
        "path": "/nix/store/5zcj323fgw0vxx0nhgvp45yxrwikm0c6-FSR.glsl",
        "type": "path"
      }
    },
    "icedos-github_icedos_apps-flatpak-nix-flatpak": {
      "locked": {
        "lastModified": 1768656715,
        "narHash": "sha256-Sbh037scxKFm7xL0ahgSCw+X2/5ZKeOwI2clqrYr9j4=",
        "owner": "gmodena",
        "repo": "nix-flatpak",
        "rev": "123fe29340a5b8671367055b75a6e7c320d6f89a",
        "type": "github"
      },
      "original": {
        "owner": "gmodena",
        "repo": "nix-flatpak",
        "type": "github"
      }
    },
    "icedos-github_icedos_apps-proton-launch-scopebuddy": {
      "inputs": {
        "nixpkgs": [
          "nixpkgs"
        ]
      },
      "locked": {
        "lastModified": 1772751261,
        "narHash": "sha256-3h6N5h9aYumIStx+G7qYZpKTOiMG+tQokjs8c+xuJ2A=",
        "owner": "HikariKnight",
        "repo": "ScopeBuddy",
        "rev": "150051976a2a1e64179edc7265175ba4e5f62f62",
        "type": "github"
      },
      "original": {
        "owner": "HikariKnight",
        "repo": "ScopeBuddy",
        "type": "github"
      }
    },
    "icedos-github_icedos_cosmic": {
      "locked": {
        "lastModified": 1774212247,
        "narHash": "sha256-u8DYqjlEROBMph91KKDvCPVT5C6o9+EfvJlLahSJB4k=",
        "owner": "icedos",
        "repo": "cosmic",
        "rev": "d70120f603fd49a62011d56b25941e001cb462d9",
        "type": "github"
      },
      "original": {
        "owner": "icedos",
        "repo": "cosmic",
        "rev": "d70120f603fd49a62011d56b25941e001cb462d9",
        "type": "github"
      }
    },
    "icedos-github_icedos_cosmic-default-cosmic-manager": {
      "inputs": {
        "flake-parts": "flake-parts",
        "home-manager": [
          "home-manager"
        ],
        "nixpkgs": [
          "nixpkgs"
        ]
      },
      "locked": {
        "lastModified": 1765831383,
        "narHash": "sha256-P5F/VPjjGw7s0AOTPb3z3gxqtH0YkAnd/c9P6QdWrEU=",
        "owner": "HeitorAugustoLN",
        "repo": "cosmic-manager",
        "rev": "819d4d21fb90460dd11416d81d2cff65a53b8a59",
        "type": "github"
      },
      "original": {
        "owner": "HeitorAugustoLN",
        "repo": "cosmic-manager",
        "type": "github"
      }
    },
    "icedos-github_icedos_desktop": {
      "locked": {
        "lastModified": 1774239578,
        "narHash": "sha256-8K3IlGvUyxS2ZSi4tRBczVgfYR8oywA3IBQeQ+WyC44=",
        "owner": "icedos",
        "repo": "desktop",
        "rev": "7f604de44a6a1b61af7ebfdc56aebe3570a88067",
        "type": "github"
      },
      "original": {
        "owner": "icedos",
        "repo": "desktop",
        "rev": "7f604de44a6a1b61af7ebfdc56aebe3570a88067",
        "type": "github"
      }
    },
    "icedos-github_icedos_gnome": {
      "locked": {
        "lastModified": 1764254863,
        "narHash": "sha256-L+GM/loSa/dVk2lZ3haqyB9nNYgEZWBmyAnpbOYy+1s=",
        "owner": "icedos",
        "repo": "gnome",
        "rev": "884a9f13516c18db04ce26898a7a17434b792e01",
        "type": "github"
      },
      "original": {
        "owner": "icedos",
        "repo": "gnome",
        "rev": "884a9f13516c18db04ce26898a7a17434b792e01",
        "type": "github"
      }
    },
    "icedos-github_icedos_hardware": {
      "locked": {
        "lastModified": 1774147317,
        "narHash": "sha256-Ulx209agSyEyWph4RlBCFBL5j4nsL3Wcr+u2wM8BUFc=",
        "owner": "icedos",
        "repo": "hardware",
        "rev": "511360043128b724ac4e8c92a50c028f629d5d2e",
        "type": "github"
      },
      "original": {
        "owner": "icedos",
        "repo": "hardware",
        "rev": "511360043128b724ac4e8c92a50c028f629d5d2e",
        "type": "github"
      }
    },
    "icedos-github_icedos_providers": {
      "locked": {
        "lastModified": 1766481728,
        "narHash": "sha256-r1XdQMkluHS5Mo67ytQFAcp/iilokcGYzRb2dfxKtr8=",
        "owner": "icedos",
        "repo": "providers",
        "rev": "c1a5aa2f9cdfd58f0c58ea78a4905c6afa9c373e",
        "type": "github"
      },
      "original": {
        "owner": "icedos",
        "repo": "providers",
        "rev": "c1a5aa2f9cdfd58f0c58ea78a4905c6afa9c373e",
        "type": "github"
      }
    },
    "icedos-github_icedos_tweaks": {
      "locked": {
        "lastModified": 1773248669,
        "narHash": "sha256-TS1a6O6d2hGJtKMd7SwWvJB2yJKpEPKm/dwMHgtr22U=",
        "owner": "icedos",
        "repo": "tweaks",
        "rev": "49cc499d59327056142c9c1382577fdbf76c2e81",
        "type": "github"
      },
      "original": {
        "owner": "icedos",
        "repo": "tweaks",
        "rev": "49cc499d59327056142c9c1382577fdbf76c2e81",
        "type": "github"
      }
    },
    "icedos-path__home_stef_code_os__repos_hytale-launcher": {
      "locked": {
        "lastModified": 1769381722,
        "narHash": "sha256-oYwGh6ZO1uCzhQ/+BUk/FDcuNenulk9pNW3b5vsn0TA=",
        "path": "/home/stef/code/os/.repos/hytale-launcher",
        "type": "path"
      },
      "original": {
        "narHash": "sha256-oYwGh6ZO1uCzhQ/+BUk/FDcuNenulk9pNW3b5vsn0TA=",
        "path": "/home/stef/code/os/.repos/hytale-launcher",
        "type": "path"
      }
    },
    "icedos-path__home_stef_code_os__repos_hytale-launcher-default-hytale-launcher": {
      "inputs": {
        "nixpkgs": [
          "nixpkgs"
        ]
      },
      "locked": {
        "lastModified": 1773947929,
        "narHash": "sha256-flpkAPM3zpMpWoqvVkMTo3ptuBF0QKNi6Raa8rnIq7o=",
        "owner": "JPyke3",
        "repo": "hytale-launcher-nix",
        "rev": "a8d0a974b187f0997c03c23000dea552194edf39",
        "type": "github"
      },
      "original": {
        "owner": "JPyke3",
        "repo": "hytale-launcher-nix",
        "type": "github"
      }
    },
    "icedos-state": {
      "flake": false,
      "locked": {
        "lastModified": 1,
        "narHash": "sha256-DnIXPeO4YxKsyYsisAFmiyhdmBZsnx2MTYOR894uIHU=",
        "path": "/nix/store/yw05v41gq3nsv7jm2g5194n3471qan5b-icedos",
        "type": "path"
      },
      "original": {
        "path": "/nix/store/yw05v41gq3nsv7jm2g5194n3471qan5b-icedos",
        "type": "path"
      }
    },
    "nixpkgs": {
      "locked": {
        "lastModified": 1773840656,
        "narHash": "sha256-9tpvMGFteZnd3gRQZFlRCohVpqooygFuy9yjuyRL2C0=",
        "owner": "NixOS",
        "repo": "nixpkgs",
        "rev": "9cf7092bdd603554bd8b63c216e8943cf9b12512",
        "type": "github"
      },
      "original": {
        "owner": "NixOS",
        "ref": "nixpkgs-unstable",
        "repo": "nixpkgs",
        "type": "github"
      }
    },
    "nixpkgs_2": {
      "locked": {
        "lastModified": 1744536153,
        "narHash": "sha256-awS2zRgF4uTwrOKwwiJcByDzDOdo3Q1rPZbiHQg/N38=",
        "owner": "NixOS",
        "repo": "nixpkgs",
        "rev": "18dd725c29603f582cf1900e0d25f9f1063dbf11",
        "type": "github"
      },
      "original": {
        "owner": "NixOS",
        "ref": "nixpkgs-unstable",
        "repo": "nixpkgs",
        "type": "github"
      }
    },
    "nixpkgs_3": {
      "locked": {
        "lastModified": 1773821835,
        "narHash": "sha256-TJ3lSQtW0E2JrznGVm8hOQGVpXjJyXY2guAxku2O9A4=",
        "owner": "nixos",
        "repo": "nixpkgs",
        "rev": "b40629efe5d6ec48dd1efba650c797ddbd39ace0",
        "type": "github"
      },
      "original": {
        "owner": "nixos",
        "ref": "nixos-unstable",
        "repo": "nixpkgs",
        "type": "github"
      }
    },
    "nur": {
      "inputs": {
        "flake-parts": "flake-parts_2",
        "nixpkgs": [
          "nixpkgs"
        ]
      },
      "locked": {
        "lastModified": 1774208651,
        "narHash": "sha256-41nJzk4o5WkSSPNmiMMmAFZB+Bhqf65GW0YFvXzm+ko=",
        "owner": "nix-community",
        "repo": "nur",
        "rev": "02593ec95c256e3c3123e474c5d789b7643615a6",
        "type": "github"
      },
      "original": {
        "owner": "nix-community",
        "repo": "nur",
        "type": "github"
      }
    },
    "root": {
      "inputs": {
        "home-manager": "home-manager",
        "icedos-config": "icedos-config",
        "icedos-core": [
          "icedos-config",
          "icedos"
        ],
        "icedos-github_icedos_apps": "icedos-github_icedos_apps",
        "icedos-github_icedos_apps-aagl-aagl": "icedos-github_icedos_apps-aagl-aagl",
        "icedos-github_icedos_apps-celluloid-celluloid-shader": "icedos-github_icedos_apps-celluloid-celluloid-shader",
        "icedos-github_icedos_apps-flatpak-nix-flatpak": "icedos-github_icedos_apps-flatpak-nix-flatpak",
        "icedos-github_icedos_apps-proton-launch-scopebuddy": "icedos-github_icedos_apps-proton-launch-scopebuddy",
        "icedos-github_icedos_cosmic": "icedos-github_icedos_cosmic",
        "icedos-github_icedos_cosmic-default-cosmic-manager": "icedos-github_icedos_cosmic-default-cosmic-manager",
        "icedos-github_icedos_desktop": "icedos-github_icedos_desktop",
        "icedos-github_icedos_gnome": "icedos-github_icedos_gnome",
        "icedos-github_icedos_hardware": "icedos-github_icedos_hardware",
        "icedos-github_icedos_providers": "icedos-github_icedos_providers",
        "icedos-github_icedos_tweaks": "icedos-github_icedos_tweaks",
        "icedos-path__home_stef_code_os__repos_hytale-launcher": "icedos-path__home_stef_code_os__repos_hytale-launcher",
        "icedos-path__home_stef_code_os__repos_hytale-launcher-default-hytale-launcher": "icedos-path__home_stef_code_os__repos_hytale-launcher-default-hytale-launcher",
        "icedos-state": "icedos-state",
        "nixpkgs": "nixpkgs_3",
        "nur": "nur"
      }
    },
    "rust-overlay": {
      "inputs": {
        "nixpkgs": "nixpkgs_2"
      },
      "locked": {
        "lastModified": 1770952264,
        "narHash": "sha256-CjymNrJZWBtpavyuTkfPVPaZkwzIzGaf0E/3WgcwM14=",
        "owner": "oxalica",
        "repo": "rust-overlay",
        "rev": "ec6a3d5cdf14bb5a1dd03652bd3f6351004d2188",
        "type": "github"
      },
      "original": {
        "owner": "oxalica",
        "repo": "rust-overlay",
        "type": "github"
      }
    }
  },
  "root": "root",
  "version": 7
}
