{
  "nodes": {
    "base16": {
      "inputs": {
        "fromYaml": "fromYaml"
      },
      "locked": {
        "lastModified": 1755819240,
        "narHash": "sha256-qcMhnL7aGAuFuutH4rq9fvAhCpJWVHLcHVZLtPctPlo=",
        "owner": "SenchoPens",
        "repo": "base16.nix",
        "rev": "75ed5e5e3fce37df22e49125181fa37899c3ccd6",
        "type": "github"
      },
      "original": {
        "owner": "SenchoPens",
        "repo": "base16.nix",
        "type": "github"
      }
    },
    "base16-fish": {
      "flake": false,
      "locked": {
        "lastModified": 1765809053,
        "narHash": "sha256-XCUQLoLfBJ8saWms2HCIj4NEN+xNsWBlU1NrEPcQG4s=",
        "owner": "tomyun",
        "repo": "base16-fish",
        "rev": "86cbea4dca62e08fb7fd83a70e96472f92574782",
        "type": "github"
      },
      "original": {
        "owner": "tomyun",
        "repo": "base16-fish",
        "rev": "86cbea4dca62e08fb7fd83a70e96472f92574782",
        "type": "github"
      }
    },
    "base16-helix": {
      "flake": false,
      "locked": {
        "lastModified": 1776754714,
        "narHash": "sha256-E3OAK27smtATTmX45uoTSRsVD+Y+ZiVVfgM/tjpbtYg=",
        "owner": "tinted-theming",
        "repo": "base16-helix",
        "rev": "4d508123037e7851ad36ebf7d9c48b0e9e1eb581",
        "type": "github"
      },
      "original": {
        "owner": "tinted-theming",
        "repo": "base16-helix",
        "type": "github"
      }
    },
    "base16-vim": {
      "flake": false,
      "locked": {
        "lastModified": 1732806396,
        "narHash": "sha256-e0bpPySdJf0F68Ndanwm+KWHgQiZ0s7liLhvJSWDNsA=",
        "owner": "tinted-theming",
        "repo": "base16-vim",
        "rev": "577fe8125d74ff456cf942c733a85d769afe58b7",
        "type": "github"
      },
      "original": {
        "owner": "tinted-theming",
        "repo": "base16-vim",
        "rev": "577fe8125d74ff456cf942c733a85d769afe58b7",
        "type": "github"
      }
    },
    "cache-server": {
      "flake": false,
      "locked": {
        "lastModified": 1789824468,
        "narHash": "sha256-+kgEMvq++5idk0b6mhUJ5d3tn79GIGexoSxci5Wd05U=",
        "owner": "icedos",
        "repo": "cache-server",
        "rev": "7f6a926ebd00723f0c3f184b7ec4267c314b20c4",
        "type": "github"
      },
      "original": {
        "owner": "icedos",
        "ref": "cache",
        "repo": "cache-server",
        "type": "github"
      }
    },
    "celluloid-shader": {
      "flake": false,
      "locked": {
        "lastModified": 1,
        "narHash": "sha256-Y/pZSV0PGDjswJKdzpdrOZUORD2ALV7xIh0RahLOSj0=",
        "path": "/nix/store/5zcj323fgw0vxx0nhgvp45yxrwikm0c6-FSR.glsl",
        "type": "path"
      },
      "original": {
        "path": "/nix/store/5zcj323fgw0vxx0nhgvp45yxrwikm0c6-FSR.glsl",
        "type": "path"
      }
    },
    "firefox-gnome-theme": {
      "flake": false,
      "locked": {
        "lastModified": 1783570805,
        "narHash": "sha256-ptl5aRlCv9/uRSv2u8Hq8UFVFeZ6Q/bT049bpqNgc3w=",
        "owner": "rafaelmardojai",
        "repo": "firefox-gnome-theme",
        "rev": "5602ed62d638142c1ab31dccd01dfbfb28841225",
        "type": "github"
      },
      "original": {
        "owner": "rafaelmardojai",
        "repo": "firefox-gnome-theme",
        "type": "github"
      }
    },
    "flake-parts": {
      "inputs": {
        "nixpkgs-lib": [
          "icedos-github_icedos_desktop-stylix",
          "stylix",
          "nixpkgs"
        ]
      },
      "locked": {
        "lastModified": 1782949081,
        "narHash": "sha256-vp6Y/Grm98ESt6ceOkWiHWyZRDV3J1RID4w+6NWK9yA=",
        "owner": "hercules-ci",
        "repo": "flake-parts",
        "rev": "17c9d6cdfc60c64f4ee8d306f9bc0b4ccb51481e",
        "type": "github"
      },
      "original": {
        "owner": "hercules-ci",
        "repo": "flake-parts",
        "type": "github"
      }
    },
    "flake-parts_2": {
      "inputs": {
        "nixpkgs-lib": [
          "icedos-github_icedos_providers-nur",
          "nur",
          "nixpkgs"
        ]
      },
      "locked": {
        "lastModified": 1733312601,
        "narHash": "sha256-4pDvzqnegAfRkPwO3wmwBhVi/Sye1mzps0zHWYnP88c=",
        "owner": "hercules-ci",
        "repo": "flake-parts",
        "rev": "205b12d8b7cd4802fbcb8e8ef6a0f1408781a4f9",
        "type": "github"
      },
      "original": {
        "owner": "hercules-ci",
        "repo": "flake-parts",
        "type": "github"
      }
    },
    "fromYaml": {
      "flake": false,
      "locked": {
        "lastModified": 1731966426,
        "narHash": "sha256-lq95WydhbUTWig/JpqiB7oViTcHFP8Lv41IGtayokA8=",
        "owner": "SenchoPens",
        "repo": "fromYaml",
        "rev": "106af9e2f715e2d828df706c386a685698f3223b",
        "type": "github"
      },
      "original": {
        "owner": "SenchoPens",
        "repo": "fromYaml",
        "type": "github"
      }
    },
    "gnome-shell": {
      "flake": false,
      "locked": {
        "host": "gitlab.gnome.org",
        "lastModified": 1776175984,
        "narHash": "sha256-RJFlFW8GiMei6oqUGrMkGEvVqOH8U7Q8abc1yK4VKD8=",
        "owner": "GNOME",
        "repo": "gnome-shell",
        "rev": "e0fdc4c13250e9a9b8ea9594c83925274f4a5dca",
        "type": "gitlab"
      },
      "original": {
        "host": "gitlab.gnome.org",
        "owner": "GNOME",
        "ref": "50.1",
        "repo": "gnome-shell",
        "type": "gitlab"
      }
    },
    "home-manager": {
      "inputs": {
        "nixpkgs": [
          "nixpkgs"
        ]
      },
      "locked": {
        "lastModified": 1789765459,
        "narHash": "sha256-voJJ5IZR4w2149u2Jm/j2zifeWROlpZQ+JzmCQwjgn8=",
        "owner": "nix-community",
        "repo": "home-manager",
        "rev": "17903129f47656fa4d07e78ad87f6592ff4f2527",
        "type": "github"
      },
      "original": {
        "owner": "nix-community",
        "repo": "home-manager",
        "type": "github"
      }
    },
    "icedos": {
      "inputs": {
        "cache-server": "cache-server",
        "nixpkgs": "nixpkgs"
      },
      "locked": {
        "lastModified": 1789670694,
        "narHash": "sha256-XTIHQImhc8X8L7RboySuzwZ1ilJ6qJQFOgk8TkgRrLc=",
        "owner": "icedos",
        "repo": "core",
        "rev": "ae84438c6800991763c9ff4d540bbf43174bc5b7",
        "type": "github"
      },
      "original": {
        "owner": "icedos",
        "repo": "core",
        "type": "github"
      }
    },
    "icedos-config": {
      "inputs": {
        "icedos": "icedos"
      },
      "locked": {
        "lastModified": 1,
        "narHash": "sha256-l8CSRg+0eyU137a6i9h95j/+8bNvwWyEx7gRGrrGrXw=",
        "path": "/nix/store/v87jpfwvmpgwb6h1m53izcjy2qcshylb-icedos-config",
        "type": "path"
      },
      "original": {
        "path": "/nix/store/v87jpfwvmpgwb6h1m53izcjy2qcshylb-icedos-config",
        "type": "path"
      }
    },
    "icedos-github_icedos_apps": {
      "locked": {
        "lastModified": 1789702817,
        "narHash": "sha256-PaDhzzyA6Q011Qntavk8FyFssXxy+UfBOGZCDq8OA0U=",
        "owner": "icedos",
        "repo": "apps",
        "rev": "40b438f450408cad81457cdf7b20a3cf5d84b1ec",
        "type": "github"
      },
      "original": {
        "owner": "icedos",
        "repo": "apps",
        "rev": "40b438f450408cad81457cdf7b20a3cf5d84b1ec",
        "type": "github"
      }
    },
    "icedos-github_icedos_apps-celluloid": {
      "inputs": {
        "celluloid-shader": "celluloid-shader"
      },
      "locked": {
        "lastModified": 1,
        "narHash": "sha256-/v8YvFnDHyA8Vz/rni05fhDjlYVsFRJtmvMVoEMKH8U=",
        "path": "/nix/store/bakwi8d6hcgmmjnmrrr4nzvwjhwsbcix-icedos-github_icedos_apps-celluloid-subflake",
        "type": "path"
      },
      "original": {
        "path": "/nix/store/bakwi8d6hcgmmjnmrrr4nzvwjhwsbcix-icedos-github_icedos_apps-celluloid-subflake",
        "type": "path"
      }
    },
    "icedos-github_icedos_desktop": {
      "locked": {
        "lastModified": 1789249128,
        "narHash": "sha256-tO38kLBcPfQC5qO6B2rWFzYtIHNc8EJ0tNCPvTNGX6A=",
        "owner": "icedos",
        "repo": "desktop",
        "rev": "12e8a82e07957a4ae855e26d566b0cab5f63a8ee",
        "type": "github"
      },
      "original": {
        "owner": "icedos",
        "repo": "desktop",
        "rev": "12e8a82e07957a4ae855e26d566b0cab5f63a8ee",
        "type": "github"
      }
    },
    "icedos-github_icedos_desktop-stylix": {
      "inputs": {
        "nixpkgs": [
          "nixpkgs"
        ],
        "stylix": "stylix"
      },
      "locked": {
        "lastModified": 1,
        "narHash": "sha256-Fte2QiwrzvOGC3WWtO2CWTnEqLdoAafNfja10dEoE8Y=",
        "path": "/nix/store/crb5iyljvk4kh2mf3bnb9a21v4l8jvbg-icedos-github_icedos_desktop-stylix-subflake",
        "type": "path"
      },
      "original": {
        "path": "/nix/store/crb5iyljvk4kh2mf3bnb9a21v4l8jvbg-icedos-github_icedos_desktop-stylix-subflake",
        "type": "path"
      }
    },
    "icedos-github_icedos_gnome": {
      "locked": {
        "lastModified": 1786213995,
        "narHash": "sha256-DbsAjG6aB+0PmXmBxlqGoNEFB5uJWAKUMf1d6FkqBZs=",
        "owner": "icedos",
        "repo": "gnome",
        "rev": "43900c84836a3b1aa96b0ce3615e271a6ae3922e",
        "type": "github"
      },
      "original": {
        "owner": "icedos",
        "repo": "gnome",
        "rev": "43900c84836a3b1aa96b0ce3615e271a6ae3922e",
        "type": "github"
      }
    },
    "icedos-github_icedos_hardware": {
      "locked": {
        "lastModified": 1789756985,
        "narHash": "sha256-ok+hcXYlQWtbQb1e3sznBAiFiBtAI+riGwcyKeqG2zM=",
        "owner": "icedos",
        "repo": "hardware",
        "rev": "516ac8fc2eed3fdb377ed719380babbd5cfcfc86",
        "type": "github"
      },
      "original": {
        "owner": "icedos",
        "repo": "hardware",
        "rev": "516ac8fc2eed3fdb377ed719380babbd5cfcfc86",
        "type": "github"
      }
    },
    "icedos-github_icedos_providers": {
      "locked": {
        "lastModified": 1789701572,
        "narHash": "sha256-2bd0b6hK2qoDSg5WVyEv+poQsIbXNFdi5PL2NPwtfc0=",
        "owner": "icedos",
        "repo": "providers",
        "rev": "86f823cc597a496a3b8f4424ab3bb168d806303f",
        "type": "github"
      },
      "original": {
        "owner": "icedos",
        "repo": "providers",
        "rev": "86f823cc597a496a3b8f4424ab3bb168d806303f",
        "type": "github"
      }
    },
    "icedos-github_icedos_providers-nur": {
      "inputs": {
        "nixpkgs": [
          "nixpkgs"
        ],
        "nur": "nur_2"
      },
      "locked": {
        "lastModified": 1,
        "narHash": "sha256-7hpu7gWPAe7wzA05sE2oeVGkH+gbILv48i39ada7py4=",
        "path": "/nix/store/c4kbdm8j9zl9vl23mgclszb7cki87n36-icedos-github_icedos_providers-nur-subflake",
        "type": "path"
      },
      "original": {
        "path": "/nix/store/c4kbdm8j9zl9vl23mgclszb7cki87n36-icedos-github_icedos_providers-nur-subflake",
        "type": "path"
      }
    },
    "icedos-github_icedos_tweaks": {
      "locked": {
        "lastModified": 1789669949,
        "narHash": "sha256-9h/Z8ChD6WCbZiGNs80XIPT2VOIhdWPi94IIOxLRflQ=",
        "owner": "icedos",
        "repo": "tweaks",
        "rev": "f9b381c689dd704da94d0b54f8ef6dca38f74233",
        "type": "github"
      },
      "original": {
        "owner": "icedos",
        "repo": "tweaks",
        "rev": "f9b381c689dd704da94d0b54f8ef6dca38f74233",
        "type": "github"
      }
    },
    "icedos-github_icedos_virtualisation": {
      "locked": {
        "lastModified": 1788948682,
        "narHash": "sha256-wiEvckmlmiN5/MCSORNBibpmzhQpDJzMdJrEJTO8plM=",
        "owner": "icedos",
        "repo": "virtualisation",
        "rev": "eac61965dc47fccc50f7f6c67f4a379b5ea6a4d8",
        "type": "github"
      },
      "original": {
        "owner": "icedos",
        "repo": "virtualisation",
        "rev": "eac61965dc47fccc50f7f6c67f4a379b5ea6a4d8",
        "type": "github"
      }
    },
    "icedos-state": {
      "flake": false,
      "locked": {
        "lastModified": 1,
        "narHash": "sha256-DnIXPeO4YxKsyYsisAFmiyhdmBZsnx2MTYOR894uIHU=",
        "path": "/nix/store/yw05v41gq3nsv7jm2g5194n3471qan5b-icedos",
        "type": "path"
      },
      "original": {
        "path": "/nix/store/yw05v41gq3nsv7jm2g5194n3471qan5b-icedos",
        "type": "path"
      }
    },
    "nixpkgs": {
      "locked": {
        "lastModified": 1789785513,
        "narHash": "sha256-B44WL6h0XoLjJ41bUPJk0X5SDinLCII//6EcBLXKiJ0=",
        "owner": "NixOS",
        "repo": "nixpkgs",
        "rev": "20b1ddd1aa5ace70c9468305030aa4f9ef79671b",
        "type": "github"
      },
      "original": {
        "owner": "NixOS",
        "ref": "nixos-unstable",
        "repo": "nixpkgs",
        "type": "github"
      }
    },
    "nixpkgs_2": {
      "locked": {
        "lastModified": 1789785513,
        "narHash": "sha256-B44WL6h0XoLjJ41bUPJk0X5SDinLCII//6EcBLXKiJ0=",
        "owner": "nixos",
        "repo": "nixpkgs",
        "rev": "20b1ddd1aa5ace70c9468305030aa4f9ef79671b",
        "type": "github"
      },
      "original": {
        "owner": "nixos",
        "ref": "nixos-unstable",
        "repo": "nixpkgs",
        "type": "github"
      }
    },
    "nur": {
      "inputs": {
        "flake-parts": [
          "icedos-github_icedos_desktop-stylix",
          "stylix",
          "flake-parts"
        ],
        "nixpkgs": [
          "icedos-github_icedos_desktop-stylix",
          "stylix",
          "nixpkgs"
        ]
      },
      "locked": {
        "lastModified": 1785549842,
        "narHash": "sha256-DCwBZmGsySF7oKGTRgEv2HvpxVXkHT+38VhTM76k0B4=",
        "owner": "nix-community",
        "repo": "NUR",
        "rev": "a9f987b57594e845e3e5cdd423b9a70846d70308",
        "type": "github"
      },
      "original": {
        "owner": "nix-community",
        "repo": "NUR",
        "type": "github"
      }
    },
    "nur_2": {
      "inputs": {
        "flake-parts": "flake-parts_2",
        "nixpkgs": [
          "icedos-github_icedos_providers-nur",
          "nixpkgs"
        ]
      },
      "locked": {
        "lastModified": 1789842237,
        "narHash": "sha256-v2LmEkGjAwLkGDewUD8xvor74OxBYKzsWUMMyDJ82iY=",
        "owner": "nix-community",
        "repo": "nur",
        "rev": "f81e82b5195493e0b5997e5fc64865f107736a58",
        "type": "github"
      },
      "original": {
        "owner": "nix-community",
        "repo": "nur",
        "type": "github"
      }
    },
    "root": {
      "inputs": {
        "home-manager": "home-manager",
        "icedos-config": "icedos-config",
        "icedos-core": [
          "icedos-config",
          "icedos"
        ],
        "icedos-github_icedos_apps": "icedos-github_icedos_apps",
        "icedos-github_icedos_apps-celluloid": "icedos-github_icedos_apps-celluloid",
        "icedos-github_icedos_desktop": "icedos-github_icedos_desktop",
        "icedos-github_icedos_desktop-stylix": "icedos-github_icedos_desktop-stylix",
        "icedos-github_icedos_gnome": "icedos-github_icedos_gnome",
        "icedos-github_icedos_hardware": "icedos-github_icedos_hardware",
        "icedos-github_icedos_providers": "icedos-github_icedos_providers",
        "icedos-github_icedos_providers-nur": "icedos-github_icedos_providers-nur",
        "icedos-github_icedos_tweaks": "icedos-github_icedos_tweaks",
        "icedos-github_icedos_virtualisation": "icedos-github_icedos_virtualisation",
        "icedos-state": "icedos-state",
        "nixpkgs": "nixpkgs_2"
      }
    },
    "stylix": {
      "inputs": {
        "base16": "base16",
        "base16-fish": "base16-fish",
        "base16-helix": "base16-helix",
        "base16-vim": "base16-vim",
        "firefox-gnome-theme": "firefox-gnome-theme",
        "flake-parts": "flake-parts",
        "gnome-shell": "gnome-shell",
        "nixpkgs": [
          "icedos-github_icedos_desktop-stylix",
          "nixpkgs"
        ],
        "nur": "nur",
        "systems": "systems",
        "tinted-kitty": "tinted-kitty",
        "tinted-schemes": "tinted-schemes",
        "tinted-tmux": "tinted-tmux",
        "tinted-zed": "tinted-zed"
      },
      "locked": {
        "lastModified": 1787771653,
        "narHash": "sha256-DkkJSBOXWV/mja5Vy8az5g1KpZlsbUwlmH0BsQhowaQ=",
        "owner": "nix-community",
        "repo": "stylix",
        "rev": "5e3809851f486e7fc7e84b40f174c74b60ecc784",
        "type": "github"
      },
      "original": {
        "owner": "nix-community",
        "repo": "stylix",
        "type": "github"
      }
    },
    "systems": {
      "locked": {
        "lastModified": 1774449309,
        "narHash": "sha256-brhZ8DmuGtzkCYHJg4HEd602amKm89Y9ytsFZ5uWD1w=",
        "owner": "nix-systems",
        "repo": "default",
        "rev": "c29398b59d2048c4ab79345812849c9bd15e9150",
        "type": "github"
      },
      "original": {
        "owner": "nix-systems",
        "ref": "future-26.11",
        "repo": "default",
        "type": "github"
      }
    },
    "tinted-kitty": {
      "flake": false,
      "locked": {
        "lastModified": 1735730497,
        "narHash": "sha256-4KtB+FiUzIeK/4aHCKce3V9HwRvYaxX+F1edUrfgzb8=",
        "owner": "tinted-theming",
        "repo": "tinted-kitty",
        "rev": "de6f888497f2c6b2279361bfc790f164bfd0f3fa",
        "type": "github"
      },
      "original": {
        "owner": "tinted-theming",
        "repo": "tinted-kitty",
        "type": "github"
      }
    },
    "tinted-schemes": {
      "flake": false,
      "locked": {
        "lastModified": 1785153830,
        "narHash": "sha256-fNdfCTeCXU3tZG3TMincd+u68qBHQgCr2Ljr/M1mWP0=",
        "owner": "tinted-theming",
        "repo": "schemes",
        "rev": "9bd28ed313560db3c5b605c63bc4e309e78e3fc8",
        "type": "github"
      },
      "original": {
        "owner": "tinted-theming",
        "repo": "schemes",
        "type": "github"
      }
    },
    "tinted-tmux": {
      "flake": false,
      "locked": {
        "lastModified": 1785031658,
        "narHash": "sha256-mZp9O2LjzdMzlqQF3l3fjqsuPBzXy+1qTfBEUGjTlpk=",
        "owner": "tinted-theming",
        "repo": "tinted-tmux",
        "rev": "5d2c67f61ea7af36f16865ab6d541cdba41dc257",
        "type": "github"
      },
      "original": {
        "owner": "tinted-theming",
        "repo": "tinted-tmux",
        "type": "github"
      }
    },
    "tinted-zed": {
      "flake": false,
      "locked": {
        "lastModified": 1785030526,
        "narHash": "sha256-klZf8UviewRkxuu74Bhbq6tqy7oxebQC7UVRWbbtQxU=",
        "owner": "tinted-theming",
        "repo": "base16-zed",
        "rev": "16f5a8adf4a6b1310d0a61ab172de963e8f76a02",
        "type": "github"
      },
      "original": {
        "owner": "tinted-theming",
        "repo": "base16-zed",
        "type": "github"
      }
    }
  },
  "root": "root",
  "version": 7
}
