{
  "nodes": {
    "flake-compat": {
      "flake": false,
      "locked": {
        "lastModified": 1767039857,
        "narHash": "sha256-vNpUSpF5Nuw8xvDLj2KCwwksIbjua2LZCqhV1LNRDns=",
        "owner": "edolstra",
        "repo": "flake-compat",
        "rev": "5edf11c44bc78a0d334f6334cdaf7d60d732daab",
        "type": "github"
      },
      "original": {
        "owner": "edolstra",
        "repo": "flake-compat",
        "type": "github"
      }
    },
    "flake-parts": {
      "inputs": {
        "nixpkgs-lib": [
          "nur",
          "nixpkgs"
        ]
      },
      "locked": {
        "lastModified": 1733312601,
        "narHash": "sha256-4pDvzqnegAfRkPwO3wmwBhVi/Sye1mzps0zHWYnP88c=",
        "owner": "hercules-ci",
        "repo": "flake-parts",
        "rev": "205b12d8b7cd4802fbcb8e8ef6a0f1408781a4f9",
        "type": "github"
      },
      "original": {
        "owner": "hercules-ci",
        "repo": "flake-parts",
        "type": "github"
      }
    },
    "home-manager": {
      "inputs": {
        "nixpkgs": [
          "nixpkgs"
        ]
      },
      "locked": {
        "lastModified": 1771269455,
        "narHash": "sha256-BZ31eN5F99YH6vkc4AhzKGE+tJgJ52kl8f01K7wCs8w=",
        "owner": "nix-community",
        "repo": "home-manager",
        "rev": "5f1d42a97b19803041434f66681d5c44c9ae62e3",
        "type": "github"
      },
      "original": {
        "owner": "nix-community",
        "repo": "home-manager",
        "type": "github"
      }
    },
    "icedos": {
      "inputs": {
        "nixpkgs": "nixpkgs"
      },
      "locked": {
        "lastModified": 1771274961,
        "narHash": "sha256-jP+H2LLodIVBz7KB2hcsWT3TkpJ7HgWpee6FY9rsCmQ=",
        "owner": "icedos",
        "repo": "core",
        "rev": "53851879519a98960be6a381c455bc4890e61ed0",
        "type": "github"
      },
      "original": {
        "owner": "icedos",
        "repo": "core",
        "type": "github"
      }
    },
    "icedos-config": {
      "inputs": {
        "icedos": "icedos"
      },
      "locked": {
        "lastModified": 1771369227,
        "narHash": "sha256-q3xmoxb5dCPSNgvNJWWvl7zy5m9UqpeRya2BBu9YUjM=",
        "path": "/home/stef/code/os",
        "type": "path"
      },
      "original": {
        "path": "/home/stef/code/os",
        "type": "path"
      }
    },
    "icedos-github_icedos_apps": {
      "locked": {
        "lastModified": 1771002718,
        "narHash": "sha256-SUjL36SpUgHppe/Pxuc0PDh3pk8H/jefaeONPTMSeDY=",
        "owner": "icedos",
        "repo": "apps",
        "rev": "26557fd447140ddf188e8c463c7ee2bbb5763a98",
        "type": "github"
      },
      "original": {
        "owner": "icedos",
        "repo": "apps",
        "rev": "26557fd447140ddf188e8c463c7ee2bbb5763a98",
        "type": "github"
      }
    },
    "icedos-github_icedos_apps-aagl-aagl": {
      "inputs": {
        "flake-compat": "flake-compat",
        "nixpkgs": [
          "nixpkgs"
        ],
        "rust-overlay": "rust-overlay"
      },
      "locked": {
        "lastModified": 1771170334,
        "narHash": "sha256-tCgoCWORfNHaRXTh2QS44LwxlV8q28jVvjN5ioMicv8=",
        "owner": "ezKEa",
        "repo": "aagl-gtk-on-nix",
        "rev": "821b4f92c2c0981ea5b571b03403df87d2b2e2ae",
        "type": "github"
      },
      "original": {
        "owner": "ezKEa",
        "repo": "aagl-gtk-on-nix",
        "type": "github"
      }
    },
    "icedos-github_icedos_apps-celluloid-celluloid-shader": {
      "flake": false,
      "locked": {
        "lastModified": 1,
        "narHash": "sha256-Y/pZSV0PGDjswJKdzpdrOZUORD2ALV7xIh0RahLOSj0=",
        "path": "/nix/store/5zcj323fgw0vxx0nhgvp45yxrwikm0c6-FSR.glsl",
        "type": "path"
      },
      "original": {
        "path": "/nix/store/5zcj323fgw0vxx0nhgvp45yxrwikm0c6-FSR.glsl",
        "type": "path"
      }
    },
    "icedos-github_icedos_apps-flatpak-nix-flatpak": {
      "locked": {
        "lastModified": 1768656715,
        "narHash": "sha256-Sbh037scxKFm7xL0ahgSCw+X2/5ZKeOwI2clqrYr9j4=",
        "owner": "gmodena",
        "repo": "nix-flatpak",
        "rev": "123fe29340a5b8671367055b75a6e7c320d6f89a",
        "type": "github"
      },
      "original": {
        "owner": "gmodena",
        "repo": "nix-flatpak",
        "type": "github"
      }
    },
    "icedos-github_icedos_apps-proton-launch-scopebuddy": {
      "inputs": {
        "nixpkgs": [
          "nixpkgs"
        ]
      },
      "locked": {
        "lastModified": 1770975253,
        "narHash": "sha256-8YFGyRtVOWTWfQp4BD0sUaicUeBhEW127e1kTZuUi4c=",
        "owner": "HikariKnight",
        "repo": "ScopeBuddy",
        "rev": "5b64e1747f268a1b35a5a5d8dfd377799036365b",
        "type": "github"
      },
      "original": {
        "owner": "HikariKnight",
        "repo": "ScopeBuddy",
        "type": "github"
      }
    },
    "icedos-github_icedos_desktop": {
      "locked": {
        "lastModified": 1770323408,
        "narHash": "sha256-xKRlctTMTr0MDZQf/ZBlqO5hz+uqe9yCgZLLbX3Qsug=",
        "owner": "icedos",
        "repo": "desktop",
        "rev": "7310cf4cf076408f5cdb099ef757689d2955bf00",
        "type": "github"
      },
      "original": {
        "owner": "icedos",
        "repo": "desktop",
        "rev": "7310cf4cf076408f5cdb099ef757689d2955bf00",
        "type": "github"
      }
    },
    "icedos-github_icedos_gnome": {
      "locked": {
        "lastModified": 1764254863,
        "narHash": "sha256-L+GM/loSa/dVk2lZ3haqyB9nNYgEZWBmyAnpbOYy+1s=",
        "owner": "icedos",
        "repo": "gnome",
        "rev": "884a9f13516c18db04ce26898a7a17434b792e01",
        "type": "github"
      },
      "original": {
        "owner": "icedos",
        "repo": "gnome",
        "rev": "884a9f13516c18db04ce26898a7a17434b792e01",
        "type": "github"
      }
    },
    "icedos-github_icedos_hardware": {
      "locked": {
        "lastModified": 1769888644,
        "narHash": "sha256-CefehSGCCVQwpB3X7hOoVNBK4kR1MAgMmpXU2GuhIgo=",
        "owner": "icedos",
        "repo": "hardware",
        "rev": "f4c2eb72ee6745ea6cf1120abe3c26f60075de2a",
        "type": "github"
      },
      "original": {
        "owner": "icedos",
        "repo": "hardware",
        "rev": "f4c2eb72ee6745ea6cf1120abe3c26f60075de2a",
        "type": "github"
      }
    },
    "icedos-github_icedos_providers": {
      "locked": {
        "lastModified": 1766481728,
        "narHash": "sha256-r1XdQMkluHS5Mo67ytQFAcp/iilokcGYzRb2dfxKtr8=",
        "owner": "icedos",
        "repo": "providers",
        "rev": "c1a5aa2f9cdfd58f0c58ea78a4905c6afa9c373e",
        "type": "github"
      },
      "original": {
        "owner": "icedos",
        "repo": "providers",
        "rev": "c1a5aa2f9cdfd58f0c58ea78a4905c6afa9c373e",
        "type": "github"
      }
    },
    "icedos-github_icedos_tweaks": {
      "locked": {
        "lastModified": 1769816016,
        "narHash": "sha256-ZD52DkEoUPwsfgy2zcYfL+mDEDbgF++qlM6wZthL+Wo=",
        "owner": "icedos",
        "repo": "tweaks",
        "rev": "b73911a16e86fb8c075ea413fced1b4e78ded179",
        "type": "github"
      },
      "original": {
        "owner": "icedos",
        "repo": "tweaks",
        "rev": "b73911a16e86fb8c075ea413fced1b4e78ded179",
        "type": "github"
      }
    },
    "icedos-path__home_stef_code_os__repos_hytale-launcher": {
      "locked": {
        "lastModified": 1769381722,
        "narHash": "sha256-oYwGh6ZO1uCzhQ/+BUk/FDcuNenulk9pNW3b5vsn0TA=",
        "path": "/home/stef/code/os/.repos/hytale-launcher",
        "type": "path"
      },
      "original": {
        "narHash": "sha256-oYwGh6ZO1uCzhQ/+BUk/FDcuNenulk9pNW3b5vsn0TA=",
        "path": "/home/stef/code/os/.repos/hytale-launcher",
        "type": "path"
      }
    },
    "icedos-path__home_stef_code_os__repos_hytale-launcher-default-hytale-launcher": {
      "inputs": {
        "nixpkgs": [
          "nixpkgs"
        ]
      },
      "locked": {
        "lastModified": 1771348869,
        "narHash": "sha256-v6joie0zC6omgEpb6QQxCrNi3psVg3K0SJSJyRGeOpQ=",
        "owner": "JPyke3",
        "repo": "hytale-launcher-nix",
        "rev": "0e4dfdccdbb0451ea478a19bb6d4d8e2192db9f2",
        "type": "github"
      },
      "original": {
        "owner": "JPyke3",
        "repo": "hytale-launcher-nix",
        "type": "github"
      }
    },
    "icedos-state": {
      "flake": false,
      "locked": {
        "lastModified": 1,
        "narHash": "sha256-DnIXPeO4YxKsyYsisAFmiyhdmBZsnx2MTYOR894uIHU=",
        "path": "/nix/store/yw05v41gq3nsv7jm2g5194n3471qan5b-icedos",
        "type": "path"
      },
      "original": {
        "path": "/nix/store/yw05v41gq3nsv7jm2g5194n3471qan5b-icedos",
        "type": "path"
      }
    },
    "nixpkgs": {
      "locked": {
        "lastModified": 1771177547,
        "narHash": "sha256-trTtk3WTOHz7hSw89xIIvahkgoFJYQ0G43IlqprFoMA=",
        "owner": "NixOS",
        "repo": "nixpkgs",
        "rev": "ac055f38c798b0d87695240c7b761b82fc7e5bc2",
        "type": "github"
      },
      "original": {
        "owner": "NixOS",
        "ref": "nixpkgs-unstable",
        "repo": "nixpkgs",
        "type": "github"
      }
    },
    "nixpkgs_2": {
      "locked": {
        "lastModified": 1744536153,
        "narHash": "sha256-awS2zRgF4uTwrOKwwiJcByDzDOdo3Q1rPZbiHQg/N38=",
        "owner": "NixOS",
        "repo": "nixpkgs",
        "rev": "18dd725c29603f582cf1900e0d25f9f1063dbf11",
        "type": "github"
      },
      "original": {
        "owner": "NixOS",
        "ref": "nixpkgs-unstable",
        "repo": "nixpkgs",
        "type": "github"
      }
    },
    "nixpkgs_3": {
      "locked": {
        "lastModified": 1771008912,
        "narHash": "sha256-gf2AmWVTs8lEq7z/3ZAsgnZDhWIckkb+ZnAo5RzSxJg=",
        "owner": "nixos",
        "repo": "nixpkgs",
        "rev": "a82ccc39b39b621151d6732718e3e250109076fa",
        "type": "github"
      },
      "original": {
        "owner": "nixos",
        "ref": "nixos-unstable",
        "repo": "nixpkgs",
        "type": "github"
      }
    },
    "nur": {
      "inputs": {
        "flake-parts": "flake-parts",
        "nixpkgs": [
          "nixpkgs"
        ]
      },
      "locked": {
        "lastModified": 1771366189,
        "narHash": "sha256-WFWEsTN8bWM9pGnPgRsz88jlXE8CSrBcbncCqSoqzYg=",
        "owner": "nix-community",
        "repo": "nur",
        "rev": "a2d880815d54f87c793f76105b8e5ae4313e3bf7",
        "type": "github"
      },
      "original": {
        "owner": "nix-community",
        "repo": "nur",
        "type": "github"
      }
    },
    "root": {
      "inputs": {
        "home-manager": "home-manager",
        "icedos-config": "icedos-config",
        "icedos-core": [
          "icedos-config",
          "icedos"
        ],
        "icedos-github_icedos_apps": "icedos-github_icedos_apps",
        "icedos-github_icedos_apps-aagl-aagl": "icedos-github_icedos_apps-aagl-aagl",
        "icedos-github_icedos_apps-celluloid-celluloid-shader": "icedos-github_icedos_apps-celluloid-celluloid-shader",
        "icedos-github_icedos_apps-flatpak-nix-flatpak": "icedos-github_icedos_apps-flatpak-nix-flatpak",
        "icedos-github_icedos_apps-proton-launch-scopebuddy": "icedos-github_icedos_apps-proton-launch-scopebuddy",
        "icedos-github_icedos_desktop": "icedos-github_icedos_desktop",
        "icedos-github_icedos_gnome": "icedos-github_icedos_gnome",
        "icedos-github_icedos_hardware": "icedos-github_icedos_hardware",
        "icedos-github_icedos_providers": "icedos-github_icedos_providers",
        "icedos-github_icedos_tweaks": "icedos-github_icedos_tweaks",
        "icedos-path__home_stef_code_os__repos_hytale-launcher": "icedos-path__home_stef_code_os__repos_hytale-launcher",
        "icedos-path__home_stef_code_os__repos_hytale-launcher-default-hytale-launcher": "icedos-path__home_stef_code_os__repos_hytale-launcher-default-hytale-launcher",
        "icedos-state": "icedos-state",
        "nixpkgs": "nixpkgs_3",
        "nur": "nur"
      }
    },
    "rust-overlay": {
      "inputs": {
        "nixpkgs": "nixpkgs_2"
      },
      "locked": {
        "lastModified": 1770952264,
        "narHash": "sha256-CjymNrJZWBtpavyuTkfPVPaZkwzIzGaf0E/3WgcwM14=",
        "owner": "oxalica",
        "repo": "rust-overlay",
        "rev": "ec6a3d5cdf14bb5a1dd03652bd3f6351004d2188",
        "type": "github"
      },
      "original": {
        "owner": "oxalica",
        "repo": "rust-overlay",
        "type": "github"
      }
    }
  },
  "root": "root",
  "version": 7
}
