{
  "nodes": {
    "aagl": {
      "inputs": {
        "flake-compat": "flake-compat",
        "nixpkgs": [
          "nixpkgs"
        ]
      },
      "locked": {
        "lastModified": 1750597689,
        "narHash": "sha256-3ComII0BkmdohISrshICQiAB6TU+VHHIRnWK0ckA0/s=",
        "owner": "ezKEa",
        "repo": "aagl-gtk-on-nix",
        "rev": "ec2ec4ec3f908ed9b125ea4afd52627bed60f183",
        "type": "github"
      },
      "original": {
        "owner": "ezKEa",
        "repo": "aagl-gtk-on-nix",
        "type": "github"
      }
    },
    "flake-compat": {
      "flake": false,
      "locked": {
        "lastModified": 1747046372,
        "narHash": "sha256-CIVLLkVgvHYbgI2UpXvIIBJ12HWgX+fjA8Xf8PUmqCY=",
        "owner": "edolstra",
        "repo": "flake-compat",
        "rev": "9100a0f413b0c601e0533d1d94ffd501ce2e7885",
        "type": "github"
      },
      "original": {
        "owner": "edolstra",
        "repo": "flake-compat",
        "type": "github"
      }
    },
    "home-manager": {
      "inputs": {
        "nixpkgs": [
          "nixpkgs"
        ]
      },
      "locked": {
        "lastModified": 1750604619,
        "narHash": "sha256-wNMm3ioA7q83UBDBQDew47bbjyvhOIcUcpjRFq3kHBY=",
        "owner": "nix-community",
        "repo": "home-manager",
        "rev": "39b7903eaba5579046f7069b9d85d3ef4f2f972c",
        "type": "github"
      },
      "original": {
        "owner": "nix-community",
        "repo": "home-manager",
        "type": "github"
      }
    },
    "nerivations": {
      "inputs": {
        "nixpkgs": [
          "nixpkgs"
        ]
      },
      "locked": {
        "lastModified": 1750471507,
        "narHash": "sha256-31kRd3fPB12ORCkhuYamZD6iHLNLLnJhP1M5CEtt4vk=",
        "owner": "icedborn",
        "repo": "nerivations",
        "rev": "3d12f9f083568f18de3351654c7b076d8ebb1f43",
        "type": "github"
      },
      "original": {
        "owner": "icedborn",
        "repo": "nerivations",
        "type": "github"
      }
    },
    "nixpkgs": {
      "locked": {
        "lastModified": 1750365781,
        "narHash": "sha256-XE/lFNhz5lsriMm/yjXkvSZz5DfvKJLUjsS6pP8EC50=",
        "owner": "NixOS",
        "repo": "nixpkgs",
        "rev": "08f22084e6085d19bcfb4be30d1ca76ecb96fe54",
        "type": "github"
      },
      "original": {
        "owner": "NixOS",
        "ref": "nixos-unstable",
        "repo": "nixpkgs",
        "type": "github"
      }
    },
    "pipewire-screenaudio": {
      "inputs": {
        "nixpkgs": [
          "nixpkgs"
        ]
      },
      "locked": {
        "lastModified": 1748885914,
        "narHash": "sha256-kj+GTzwjYC3iZjRnDy1qtHYRVEEwhWOW3++CnVpRUOU=",
        "owner": "IceDBorn",
        "repo": "pipewire-screenaudio",
        "rev": "b27f3b2a77d29c8e782dc6845334a02dda705418",
        "type": "github"
      },
      "original": {
        "owner": "IceDBorn",
        "repo": "pipewire-screenaudio",
        "type": "github"
      }
    },
    "root": {
      "inputs": {
        "aagl": "aagl",
        "home-manager": "home-manager",
        "nerivations": "nerivations",
        "nixpkgs": "nixpkgs",
        "pipewire-screenaudio": "pipewire-screenaudio"
      }
    }
  },
  "root": "root",
  "version": 7
}
