{
  "nodes": {
    "icedos": {
      "inputs": {
        "nixpkgs": "nixpkgs"
      },
      "locked": {
        "lastModified": 1771274961,
        "narHash": "sha256-jP+H2LLodIVBz7KB2hcsWT3TkpJ7HgWpee6FY9rsCmQ=",
        "owner": "icedos",
        "repo": "core",
        "rev": "53851879519a98960be6a381c455bc4890e61ed0",
        "type": "github"
      },
      "original": {
        "owner": "icedos",
        "repo": "core",
        "type": "github"
      }
    },
    "nixpkgs": {
      "locked": {
        "lastModified": 1771177547,
        "narHash": "sha256-trTtk3WTOHz7hSw89xIIvahkgoFJYQ0G43IlqprFoMA=",
        "owner": "NixOS",
        "repo": "nixpkgs",
        "rev": "ac055f38c798b0d87695240c7b761b82fc7e5bc2",
        "type": "github"
      },
      "original": {
        "owner": "NixOS",
        "ref": "nixpkgs-unstable",
        "repo": "nixpkgs",
        "type": "github"
      }
    },
    "root": {
      "inputs": {
        "icedos": "icedos"
      }
    }
  },
  "root": "root",
  "version": 7
}
